
Microsoft Visual Studio Solution File, Format Version 12.00
# Visual Studio Version 17
VisualStudioVersion = 17.4.33213.308
MinimumVisualStudioVersion = 10.0.40219.1
Project("{9A19103F-16F7-4668-BE54-9A1E7A4F7556}") = "GDC_API", "GDC_API\GDC_API.csproj", "{48B90791-45A1-467F-A317-29DEC92306FD}"
EndProject
Global
	GlobalSection(SolutionConfigurationPlatforms) = preSolution
		Debug|Any CPU = Debug|Any CPU
		Release|Any CPU = Release|Any CPU
	EndGlobalSection
	GlobalSection(ProjectConfigurationPlatforms) = postSolution
		{48B90791-45A1-467F-A317-29DEC92306FD}.Debug|Any CPU.ActiveCfg = Debug|Any CPU
		{48B90791-45A1-467F-A317-29DEC92306FD}.Debug|Any CPU.Build.0 = Debug|Any CPU
		{48B90791-45A1-467F-A317-29DEC92306FD}.Release|Any CPU.ActiveCfg = Release|Any CPU
		{48B90791-45A1-467F-A317-29DEC92306FD}.Release|Any CPU.Build.0 = Release|Any CPU
	EndGlobalSection
	GlobalSection(SolutionProperties) = preSolution
		HideSolutionNode = FALSE
	EndGlobalSection
	GlobalSection(ExtensibilityGlobals) = postSolution
		SolutionGuid = {4AE20079-49EC-4FA0-9352-01ABD5070798}
	EndGlobalSection
EndGlobal
